
Microsoft Visual Studio Solution File, Format Version 12.00
# Visual Studio Version 17
VisualStudioVersion = 17.0.31903.59
MinimumVisualStudioVersion = 10.0.40219.1
Project("{FAE04EC0-301F-11D3-BF4B-00C04F79EFBC}") = "DogPhotoClient", "DogPhotoClient\DogPhotoClient.csproj", "{0EBC3B4E-07E9-463D-BD41-AB792A839C66}"
EndProject
Project("{FAE04EC0-301F-11D3-BF4B-00C04F79EFBC}") = "DogApi", "DogApi\DogApi.csproj", "{83A67C47-DAFD-42B6-AB4A-30A28EB1CEA9}"
EndProject
Global
	GlobalSection(SolutionConfigurationPlatforms) = preSolution
		Debug|Any CPU = Debug|Any CPU
		Release|Any CPU = Release|Any CPU
	EndGlobalSection
	GlobalSection(SolutionProperties) = preSolution
		HideSolutionNode = FALSE
	EndGlobalSection
	GlobalSection(ProjectConfigurationPlatforms) = postSolution
		{0EBC3B4E-07E9-463D-BD41-AB792A839C66}.Debug|Any CPU.ActiveCfg = Debug|Any CPU
		{0EBC3B4E-07E9-463D-BD41-AB792A839C66}.Debug|Any CPU.Build.0 = Debug|Any CPU
		{0EBC3B4E-07E9-463D-BD41-AB792A839C66}.Release|Any CPU.ActiveCfg = Release|Any CPU
		{0EBC3B4E-07E9-463D-BD41-AB792A839C66}.Release|Any CPU.Build.0 = Release|Any CPU
		{83A67C47-DAFD-42B6-AB4A-30A28EB1CEA9}.Debug|Any CPU.ActiveCfg = Debug|Any CPU
		{83A67C47-DAFD-42B6-AB4A-30A28EB1CEA9}.Debug|Any CPU.Build.0 = Debug|Any CPU
		{83A67C47-DAFD-42B6-AB4A-30A28EB1CEA9}.Release|Any CPU.ActiveCfg = Release|Any CPU
		{83A67C47-DAFD-42B6-AB4A-30A28EB1CEA9}.Release|Any CPU.Build.0 = Release|Any CPU
	EndGlobalSection
EndGlobal
